
Microsoft Visual Studio Solution File, Format Version 12.00
# Visual Studio Version 16
VisualStudioVersion = 16.0.29403.142
MinimumVisualStudioVersion = 10.0.40219.1
Project("{FAE04EC0-301F-11D3-BF4B-00C04F79EFBC}") = "CurrencyConverter", "CurrencyConverter\CurrencyConverter.csproj", "{C8FF0CB3-0796-46EC-941E-54240C12932E}"
EndProject
Project("{FAE04EC0-301F-11D3-BF4B-00C04F79EFBC}") = "ClassLibrary1", "ClassLibrary1\ClassLibrary1.csproj", "{BE4F276A-E59D-4A68-8C9D-626147975EFD}"
EndProject
Global
	GlobalSection(SolutionConfigurationPlatforms) = preSolution
		Debug|Any CPU = Debug|Any CPU
		Release|Any CPU = Release|Any CPU
	EndGlobalSection
	GlobalSection(ProjectConfigurationPlatforms) = postSolution
		{C8FF0CB3-0796-46EC-941E-54240C12932E}.Debug|Any CPU.ActiveCfg = Debug|Any CPU
		{C8FF0CB3-0796-46EC-941E-54240C12932E}.Debug|Any CPU.Build.0 = Debug|Any CPU
		{C8FF0CB3-0796-46EC-941E-54240C12932E}.Release|Any CPU.ActiveCfg = Release|Any CPU
		{C8FF0CB3-0796-46EC-941E-54240C12932E}.Release|Any CPU.Build.0 = Release|Any CPU
		{BE4F276A-E59D-4A68-8C9D-626147975EFD}.Debug|Any CPU.ActiveCfg = Debug|Any CPU
		{BE4F276A-E59D-4A68-8C9D-626147975EFD}.Debug|Any CPU.Build.0 = Debug|Any CPU
		{BE4F276A-E59D-4A68-8C9D-626147975EFD}.Release|Any CPU.ActiveCfg = Release|Any CPU
		{BE4F276A-E59D-4A68-8C9D-626147975EFD}.Release|Any CPU.Build.0 = Release|Any CPU
	EndGlobalSection
	GlobalSection(SolutionProperties) = preSolution
		HideSolutionNode = FALSE
	EndGlobalSection
	GlobalSection(ExtensibilityGlobals) = postSolution
		SolutionGuid = {6CC638AF-D9DF-473B-8B6D-7695ED830559}
	EndGlobalSection
EndGlobal
